
Microsoft Visual Studio Solution File, Format Version 12.00
# Visual Studio Version 17
VisualStudioVersion = 17.3.32901.215
MinimumVisualStudioVersion = 10.0.40219.1
Project("{D2ABAB84-BF74-430A-B69E-9DC6D40DDA17}") = "CUBO_Proyecto", "CUBO_Proyecto\CUBO_Proyecto.dwproj", "{8F94F7A9-2FB7-4256-A70E-8C9A264FC579}"
EndProject
Global
	GlobalSection(SolutionConfigurationPlatforms) = preSolution
		Development|Default = Development|Default
	EndGlobalSection
	GlobalSection(ProjectConfigurationPlatforms) = postSolution
		{8F94F7A9-2FB7-4256-A70E-8C9A264FC579}.Development|Default.ActiveCfg = Development
		{8F94F7A9-2FB7-4256-A70E-8C9A264FC579}.Development|Default.Build.0 = Development
		{8F94F7A9-2FB7-4256-A70E-8C9A264FC579}.Development|Default.Deploy.0 = Development
	EndGlobalSection
	GlobalSection(SolutionProperties) = preSolution
		HideSolutionNode = FALSE
	EndGlobalSection
	GlobalSection(ExtensibilityGlobals) = postSolution
		SolutionGuid = {9534934E-1926-4807-A672-31C1A49642F3}
	EndGlobalSection
EndGlobal
